// !$*UTF8*$!
{
	archiveVersion = 1;
	classes = {
	};
	objectVersion = 56;
	objects = {

/* Begin PBXBuildFile section */
		AAA00001 /* InstantReplayApp.swift in Sources */ = {isa = PBXBuildFile; fileRef = AAB00001 /* InstantReplayApp.swift */; };
		AAA00002 /* ContentView.swift in Sources */ = {isa = PBXBuildFile; fileRef = AAB00002 /* ContentView.swift */; };
		AAA00003 /* CameraManager.swift in Sources */ = {isa = PBXBuildFile; fileRef = AAB00003 /* CameraManager.swift */; };
		AAA00004 /* LiveBufferManager.swift in Sources */ = {isa = PBXBuildFile; fileRef = AAB00004 /* LiveBufferManager.swift */; };
		AAA00005 /* ClipRecorder.swift in Sources */ = {isa = PBXBuildFile; fileRef = AAB00005 /* ClipRecorder.swift */; };
		AAA00006 /* AppStateManager.swift in Sources */ = {isa = PBXBuildFile; fileRef = AAB00006 /* AppStateManager.swift */; };
		AAA00007 /* CameraPreviewView.swift in Sources */ = {isa = PBXBuildFile; fileRef = AAB00007 /* CameraPreviewView.swift */; };
		AAA00008 /* PreviewModeOverlay.swift in Sources */ = {isa = PBXBuildFile; fileRef = AAB00008 /* PreviewModeOverlay.swift */; };
		AAA00009 /* LiveModeOverlay.swift in Sources */ = {isa = PBXBuildFile; fileRef = AAB00009 /* LiveModeOverlay.swift */; };
		AAA00010 /* DebugOverlayView.swift in Sources */ = {isa = PBXBuildFile; fileRef = AAB00010 /* DebugOverlayView.swift */; };
		AAA00011 /* AppModels.swift in Sources */ = {isa = PBXBuildFile; fileRef = AAB00011 /* AppModels.swift */; };
		AAA00012 /* Logger+App.swift in Sources */ = {isa = PBXBuildFile; fileRef = AAB00012 /* Logger+App.swift */; };
		AAA00013 /* Assets.xcassets in Resources */ = {isa = PBXBuildFile; fileRef = AAB00013 /* Assets.xcassets */; };
		AAA00014 /* Preview Assets.xcassets in Resources */ = {isa = PBXBuildFile; fileRef = AAB00014 /* Preview Assets.xcassets */; };
/* End PBXBuildFile section */

/* Begin PBXFileReference section */
		AAB00001 /* InstantReplayApp.swift */ = {isa = PBXFileReference; lastKnownFileType = sourcecode.swift; path = InstantReplayApp.swift; sourceTree = "<group>"; };
		AAB00002 /* ContentView.swift */ = {isa = PBXFileReference; lastKnownFileType = sourcecode.swift; path = ContentView.swift; sourceTree = "<group>"; };
		AAB00003 /* CameraManager.swift */ = {isa = PBXFileReference; lastKnownFileType = sourcecode.swift; path = CameraManager.swift; sourceTree = "<group>"; };
		AAB00004 /* LiveBufferManager.swift */ = {isa = PBXFileReference; lastKnownFileType = sourcecode.swift; path = LiveBufferManager.swift; sourceTree = "<group>"; };
		AAB00005 /* ClipRecorder.swift */ = {isa = PBXFileReference; lastKnownFileType = sourcecode.swift; path = ClipRecorder.swift; sourceTree = "<group>"; };
		AAB00006 /* AppStateManager.swift */ = {isa = PBXFileReference; lastKnownFileType = sourcecode.swift; path = AppStateManager.swift; sourceTree = "<group>"; };
		AAB00007 /* CameraPreviewView.swift */ = {isa = PBXFileReference; lastKnownFileType = sourcecode.swift; path = CameraPreviewView.swift; sourceTree = "<group>"; };
		AAB00008 /* PreviewModeOverlay.swift */ = {isa = PBXFileReference; lastKnownFileType = sourcecode.swift; path = PreviewModeOverlay.swift; sourceTree = "<group>"; };
		AAB00009 /* LiveModeOverlay.swift */ = {isa = PBXFileReference; lastKnownFileType = sourcecode.swift; path = LiveModeOverlay.swift; sourceTree = "<group>"; };
		AAB00010 /* DebugOverlayView.swift */ = {isa = PBXFileReference; lastKnownFileType = sourcecode.swift; path = DebugOverlayView.swift; sourceTree = "<group>"; };
		AAB00011 /* AppModels.swift */ = {isa = PBXFileReference; lastKnownFileType = sourcecode.swift; path = AppModels.swift; sourceTree = "<group>"; };
		AAB00012 /* Logger+App.swift */ = {isa = PBXFileReference; lastKnownFileType = sourcecode.swift; path = "Logger+App.swift"; sourceTree = "<group>"; };
		AAB00013 /* Assets.xcassets */ = {isa = PBXFileReference; lastKnownFileType = folder.assetcatalog; path = Assets.xcassets; sourceTree = "<group>"; };
		AAB00014 /* Preview Assets.xcassets */ = {isa = PBXFileReference; lastKnownFileType = folder.assetcatalog; path = "Preview Assets.xcassets"; sourceTree = "<group>"; };
		AAB00015 /* Info.plist */ = {isa = PBXFileReference; lastKnownFileType = text.plist.xml; path = Info.plist; sourceTree = "<group>"; };
		AAC00001 /* InstantReplay.app */ = {isa = PBXFileReference; explicitFileType = wrapper.application; includeInIndex = 0; path = InstantReplay.app; sourceTree = BUILT_PRODUCTS_DIR; };
/* End PBXFileReference section */

/* Begin PBXFrameworksBuildPhase section */
		AAD00001 /* Frameworks */ = {
			isa = PBXFrameworksBuildPhase;
			buildActionMask = 2147483647;
			files = (
			);
			runOnlyForDeploymentPostprocessing = 0;
		};
/* End PBXFrameworksBuildPhase section */

/* Begin PBXGroup section */
		AAE00001 = {
			isa = PBXGroup;
			children = (
				AAE00002 /* InstantReplay */,
				AAE00010 /* Products */,
			);
			sourceTree = "<group>";
		};
		AAE00002 /* InstantReplay */ = {
			isa = PBXGroup;
			children = (
				AAE00003 /* App */,
				AAE00004 /* Managers */,
				AAE00005 /* Views */,
				AAE00006 /* Models */,
				AAE00007 /* Utilities */,
				AAB00013 /* Assets.xcassets */,
				AAE00008 /* Preview Content */,
				AAB00015 /* Info.plist */,
			);
			path = InstantReplay;
			sourceTree = "<group>";
		};
		AAE00003 /* App */ = {
			isa = PBXGroup;
			children = (
				AAB00001 /* InstantReplayApp.swift */,
				AAB00002 /* ContentView.swift */,
			);
			path = App;
			sourceTree = "<group>";
		};
		AAE00004 /* Managers */ = {
			isa = PBXGroup;
			children = (
				AAB00003 /* CameraManager.swift */,
				AAB00004 /* LiveBufferManager.swift */,
				AAB00005 /* ClipRecorder.swift */,
				AAB00006 /* AppStateManager.swift */,
			);
			path = Managers;
			sourceTree = "<group>";
		};
		AAE00005 /* Views */ = {
			isa = PBXGroup;
			children = (
				AAB00007 /* CameraPreviewView.swift */,
				AAB00008 /* PreviewModeOverlay.swift */,
				AAB00009 /* LiveModeOverlay.swift */,
				AAB00010 /* DebugOverlayView.swift */,
			);
			path = Views;
			sourceTree = "<group>";
		};
		AAE00006 /* Models */ = {
			isa = PBXGroup;
			children = (
				AAB00011 /* AppModels.swift */,
			);
			path = Models;
			sourceTree = "<group>";
		};
		AAE00007 /* Utilities */ = {
			isa = PBXGroup;
			children = (
				AAB00012 /* Logger+App.swift */,
			);
			path = Utilities;
			sourceTree = "<group>";
		};
		AAE00008 /* Preview Content */ = {
			isa = PBXGroup;
			children = (
				AAB00014 /* Preview Assets.xcassets */,
			);
			path = "Preview Content";
			sourceTree = "<group>";
		};
		AAE00010 /* Products */ = {
			isa = PBXGroup;
			children = (
				AAC00001 /* InstantReplay.app */,
			);
			name = Products;
			sourceTree = "<group>";
		};
/* End PBXGroup section */

/* Begin PBXNativeTarget section */
		AAF00001 /* InstantReplay */ = {
			isa = PBXNativeTarget;
			buildConfigurationList = AAG00003 /* Build configuration list for PBXNativeTarget "InstantReplay" */;
			buildPhases = (
				AAD00002 /* Sources */,
				AAD00001 /* Frameworks */,
				AAD00003 /* Resources */,
			);
			buildRules = (
			);
			dependencies = (
			);
			name = InstantReplay;
			productName = InstantReplay;
			productReference = AAC00001 /* InstantReplay.app */;
			productType = "com.apple.product-type.application";
		};
/* End PBXNativeTarget section */

/* Begin PBXProject section */
		AAH00001 /* Project object */ = {
			isa = PBXProject;
			attributes = {
				BuildIndependentTargetsInParallel = 1;
				LastSwiftUpdateCheck = 1500;
				LastUpgradeCheck = 2620;
				TargetAttributes = {
					AAF00001 = {
						CreatedOnToolsVersion = 15.0;
					};
				};
			};
			buildConfigurationList = AAG00001 /* Build configuration list for PBXProject "InstantReplay" */;
			compatibilityVersion = "Xcode 14.0";
			developmentRegion = en;
			hasScannedForEncodings = 0;
			knownRegions = (
				en,
				Base,
			);
			mainGroup = AAE00001;
			productRefGroup = AAE00010 /* Products */;
			projectDirPath = "";
			projectRoot = "";
			targets = (
				AAF00001 /* InstantReplay */,
			);
		};
/* End PBXProject section */

/* Begin PBXResourcesBuildPhase section */
		AAD00003 /* Resources */ = {
			isa = PBXResourcesBuildPhase;
			buildActionMask = 2147483647;
			files = (
				AAA00014 /* Preview Assets.xcassets in Resources */,
				AAA00013 /* Assets.xcassets in Resources */,
			);
			runOnlyForDeploymentPostprocessing = 0;
		};
/* End PBXResourcesBuildPhase section */

/* Begin PBXSourcesBuildPhase section */
		AAD00002 /* Sources */ = {
			isa = PBXSourcesBuildPhase;
			buildActionMask = 2147483647;
			files = (
				AAA00001 /* InstantReplayApp.swift in Sources */,
				AAA00002 /* ContentView.swift in Sources */,
				AAA00003 /* CameraManager.swift in Sources */,
				AAA00004 /* LiveBufferManager.swift in Sources */,
				AAA00005 /* ClipRecorder.swift in Sources */,
				AAA00006 /* AppStateManager.swift in Sources */,
				AAA00007 /* CameraPreviewView.swift in Sources */,
				AAA00008 /* PreviewModeOverlay.swift in Sources */,
				AAA00009 /* LiveModeOverlay.swift in Sources */,
				AAA00010 /* DebugOverlayView.swift in Sources */,
				AAA00011 /* AppModels.swift in Sources */,
				AAA00012 /* Logger+App.swift in Sources */,
			);
			runOnlyForDeploymentPostprocessing = 0;
		};
/* End PBXSourcesBuildPhase section */

/* Begin XCBuildConfiguration section */
		AAG00002 /* Debug */ = {
			isa = XCBuildConfiguration;
			buildSettings = {
				ALWAYS_SEARCH_USER_PATHS = NO;
				ASSETCATALOG_COMPILER_GENERATE_SWIFT_ASSET_SYMBOL_EXTENSIONS = YES;
				CLANG_ANALYZER_NONNULL = YES;
				CLANG_ANALYZER_NUMBER_OBJECT_CONVERSION = YES_AGGRESSIVE;
				CLANG_CXX_LANGUAGE_STANDARD = "gnu++20";
				CLANG_ENABLE_MODULES = YES;
				CLANG_ENABLE_OBJC_ARC = YES;
				CLANG_ENABLE_OBJC_WEAK = YES;
				CLANG_WARN_BLOCK_CAPTURE_AUTORELEASING = YES;
				CLANG_WARN_BOOL_CONVERSION = YES;
				CLANG_WARN_COMMA = YES;
				CLANG_WARN_CONSTANT_CONVERSION = YES;
				CLANG_WARN_DEPRECATED_OBJC_IMPLEMENTATIONS = YES;
				CLANG_WARN_DIRECT_OBJC_ISA_USAGE = YES_ERROR;
				CLANG_WARN_DOCUMENTATION_COMMENTS = YES;
				CLANG_WARN_EMPTY_BODY = YES;
				CLANG_WARN_ENUM_CONVERSION = YES;
				CLANG_WARN_INFINITE_RECURSION = YES;
				CLANG_WARN_INT_CONVERSION = YES;
				CLANG_WARN_NON_LITERAL_NULL_CONVERSION = YES;
				CLANG_WARN_OBJC_IMPLICIT_RETAIN_SELF = YES;
				CLANG_WARN_OBJC_LITERAL_CONVERSION = YES;
				CLANG_WARN_OBJC_ROOT_CLASS = YES_ERROR;
				CLANG_WARN_QUOTED_INCLUDE_IN_FRAMEWORK_HEADER = YES;
				CLANG_WARN_RANGE_LOOP_ANALYSIS = YES;
				CLANG_WARN_STRICT_PROTOTYPES = YES;
				CLANG_WARN_SUSPICIOUS_MOVE = YES;
				CLANG_WARN_UNGUARDED_AVAILABILITY = YES_AGGRESSIVE;
				CLANG_WARN_UNREACHABLE_CODE = YES;
				CLANG_WARN__DUPLICATE_METHOD_MATCH = YES;
				COPY_PHASE_STRIP = NO;
				DEBUG_INFORMATION_FORMAT = dwarf;
				DEVELOPMENT_TEAM = TDGN5JNK5R;
				ENABLE_STRICT_OBJC_MSGSEND = YES;
				ENABLE_TESTABILITY = YES;
				ENABLE_USER_SCRIPT_SANDBOXING = YES;
				GCC_C_LANGUAGE_STANDARD = gnu17;
				GCC_DYNAMIC_NO_PIC = NO;
				GCC_NO_COMMON_BLOCKS = YES;
				GCC_OPTIMIZATION_LEVEL = 0;
				GCC_PREPROCESSOR_DEFINITIONS = (
					"DEBUG=1",
					"$(inherited)",
				);
				GCC_WARN_64_TO_32_BIT_CONVERSION = YES;
				GCC_WARN_ABOUT_RETURN_TYPE = YES_ERROR;
				GCC_WARN_UNDECLARED_SELECTOR = YES;
				GCC_WARN_UNINITIALIZED_AUTOS = YES_AGGRESSIVE;
				GCC_WARN_UNUSED_FUNCTION = YES;
				GCC_WARN_UNUSED_VARIABLE = YES;
				IPHONEOS_DEPLOYMENT_TARGET = 16.0;
				LOCALIZATION_PREFERS_STRING_CATALOGS = YES;
				MTL_ENABLE_DEBUG_INFO = INCLUDE_SOURCE;
				MTL_FAST_MATH = YES;
				ONLY_ACTIVE_ARCH = YES;
				SDKROOT = iphoneos;
				STRING_CATALOG_GENERATE_SYMBOLS = YES;
				SWIFT_ACTIVE_COMPILATION_CONDITIONS = "DEBUG $(inherited)";
				SWIFT_OPTIMIZATION_LEVEL = "-Onone";
			};
			name = Debug;
		};
		AAG00004 /* Release */ = {
			isa = XCBuildConfiguration;
			buildSettings = {
				ALWAYS_SEARCH_USER_PATHS = NO;
				ASSETCATALOG_COMPILER_GENERATE_SWIFT_ASSET_SYMBOL_EXTENSIONS = YES;
				CLANG_ANALYZER_NONNULL = YES;
				CLANG_ANALYZER_NUMBER_OBJECT_CONVERSION = YES_AGGRESSIVE;
				CLANG_CXX_LANGUAGE_STANDARD = "gnu++20";
				CLANG_ENABLE_MODULES = YES;
				CLANG_ENABLE_OBJC_ARC = YES;
				CLANG_ENABLE_OBJC_WEAK = YES;
				CLANG_WARN_BLOCK_CAPTURE_AUTORELEASING = YES;
				CLANG_WARN_BOOL_CONVERSION = YES;
				CLANG_WARN_COMMA = YES;
				CLANG_WARN_CONSTANT_CONVERSION = YES;
				CLANG_WARN_DEPRECATED_OBJC_IMPLEMENTATIONS = YES;
				CLANG_WARN_DIRECT_OBJC_ISA_USAGE = YES_ERROR;
				CLANG_WARN_DOCUMENTATION_COMMENTS = YES;
				CLANG_WARN_EMPTY_BODY = YES;
				CLANG_WARN_ENUM_CONVERSION = YES;
				CLANG_WARN_INFINITE_RECURSION = YES;
				CLANG_WARN_INT_CONVERSION = YES;
				CLANG_WARN_NON_LITERAL_NULL_CONVERSION = YES;
				CLANG_WARN_OBJC_IMPLICIT_RETAIN_SELF = YES;
				CLANG_WARN_OBJC_LITERAL_CONVERSION = YES;
				CLANG_WARN_OBJC_ROOT_CLASS = YES_ERROR;
				CLANG_WARN_QUOTED_INCLUDE_IN_FRAMEWORK_HEADER = YES;
				CLANG_WARN_RANGE_LOOP_ANALYSIS = YES;
				CLANG_WARN_STRICT_PROTOTYPES = YES;
				CLANG_WARN_SUSPICIOUS_MOVE = YES;
				CLANG_WARN_UNGUARDED_AVAILABILITY = YES_AGGRESSIVE;
				CLANG_WARN_UNREACHABLE_CODE = YES;
				CLANG_WARN__DUPLICATE_METHOD_MATCH = YES;
				COPY_PHASE_STRIP = NO;
				DEBUG_INFORMATION_FORMAT = "dwarf-with-dsym";
				DEVELOPMENT_TEAM = TDGN5JNK5R;
				ENABLE_NS_ASSERTIONS = NO;
				ENABLE_STRICT_OBJC_MSGSEND = YES;
				ENABLE_USER_SCRIPT_SANDBOXING = YES;
				GCC_C_LANGUAGE_STANDARD = gnu17;
				GCC_NO_COMMON_BLOCKS = YES;
				GCC_WARN_64_TO_32_BIT_CONVERSION = YES;
				GCC_WARN_ABOUT_RETURN_TYPE = YES_ERROR;
				GCC_WARN_UNDECLARED_SELECTOR = YES;
				GCC_WARN_UNINITIALIZED_AUTOS = YES_AGGRESSIVE;
				GCC_WARN_UNUSED_FUNCTION = YES;
				GCC_WARN_UNUSED_VARIABLE = YES;
				IPHONEOS_DEPLOYMENT_TARGET = 16.0;
				LOCALIZATION_PREFERS_STRING_CATALOGS = YES;
				MTL_ENABLE_DEBUG_INFO = NO;
				MTL_FAST_MATH = YES;
				SDKROOT = iphoneos;
				STRING_CATALOG_GENERATE_SYMBOLS = YES;
				SWIFT_COMPILATION_MODE = wholemodule;
				VALIDATE_PRODUCT = YES;
			};
			name = Release;
		};
		AAG00005 /* Debug */ = {
			isa = XCBuildConfiguration;
			buildSettings = {
				ASSETCATALOG_COMPILER_APPICON_NAME = AppIcon;
				ASSETCATALOG_COMPILER_GLOBAL_ACCENT_COLOR_NAME = AccentColor;
				CODE_SIGN_STYLE = Automatic;
				CURRENT_PROJECT_VERSION = 1;
				DEVELOPMENT_ASSET_PATHS = "\"InstantReplay/Preview Content\"";
				DEVELOPMENT_TEAM = TDGN5JNK5R;
				ENABLE_PREVIEWS = YES;
				GENERATE_INFOPLIST_FILE = NO;
				INFOPLIST_FILE = InstantReplay/Info.plist;
				INFOPLIST_KEY_CFBundleDisplayName = "Instant Replay";
				INFOPLIST_KEY_LSApplicationCategoryType = "public.app-category.video";
				INFOPLIST_KEY_UIApplicationSceneManifest_Generation = NO;
				INFOPLIST_KEY_UIApplicationSupportsIndirectInputEvents = YES;
				INFOPLIST_KEY_UILaunchScreen_Generation = YES;
				INFOPLIST_KEY_UIStatusBarStyle = UIStatusBarStyleLightContent;
				INFOPLIST_KEY_UISupportedInterfaceOrientations = UIInterfaceOrientationPortrait;
				LD_RUNPATH_SEARCH_PATHS = (
					"$(inherited)",
					"@executable_path/Frameworks",
				);
				MARKETING_VERSION = 0.1;
				PRODUCT_BUNDLE_IDENTIFIER = com.instantreplay4all.app;
				PRODUCT_NAME = "$(TARGET_NAME)";
				SWIFT_EMIT_LOC_STRINGS = YES;
				SWIFT_VERSION = 5.0;
				TARGETED_DEVICE_FAMILY = "1,2";
			};
			name = Debug;
		};
		AAG00006 /* Release */ = {
			isa = XCBuildConfiguration;
			buildSettings = {
				ASSETCATALOG_COMPILER_APPICON_NAME = AppIcon;
				ASSETCATALOG_COMPILER_GLOBAL_ACCENT_COLOR_NAME = AccentColor;
				CODE_SIGN_STYLE = Automatic;
				CURRENT_PROJECT_VERSION = 1;
				DEVELOPMENT_ASSET_PATHS = "\"InstantReplay/Preview Content\"";
				DEVELOPMENT_TEAM = TDGN5JNK5R;
				ENABLE_PREVIEWS = YES;
				GENERATE_INFOPLIST_FILE = NO;
				INFOPLIST_FILE = InstantReplay/Info.plist;
				INFOPLIST_KEY_CFBundleDisplayName = "Instant Replay";
				INFOPLIST_KEY_LSApplicationCategoryType = "public.app-category.video";
				INFOPLIST_KEY_UIApplicationSceneManifest_Generation = NO;
				INFOPLIST_KEY_UIApplicationSupportsIndirectInputEvents = YES;
				INFOPLIST_KEY_UILaunchScreen_Generation = YES;
				INFOPLIST_KEY_UIStatusBarStyle = UIStatusBarStyleLightContent;
				INFOPLIST_KEY_UISupportedInterfaceOrientations = UIInterfaceOrientationPortrait;
				LD_RUNPATH_SEARCH_PATHS = (
					"$(inherited)",
					"@executable_path/Frameworks",
				);
				MARKETING_VERSION = 0.1;
				PRODUCT_BUNDLE_IDENTIFIER = com.instantreplay4all.app;
				PRODUCT_NAME = "$(TARGET_NAME)";
				SWIFT_EMIT_LOC_STRINGS = YES;
				SWIFT_VERSION = 5.0;
				TARGETED_DEVICE_FAMILY = "1,2";
			};
			name = Release;
		};
/* End XCBuildConfiguration section */

/* Begin XCConfigurationList section */
		AAG00001 /* Build configuration list for PBXProject "InstantReplay" */ = {
			isa = XCConfigurationList;
			buildConfigurations = (
				AAG00002 /* Debug */,
				AAG00004 /* Release */,
			);
			defaultConfigurationIsVisible = 0;
			defaultConfigurationName = Release;
		};
		AAG00003 /* Build configuration list for PBXNativeTarget "InstantReplay" */ = {
			isa = XCConfigurationList;
			buildConfigurations = (
				AAG00005 /* Debug */,
				AAG00006 /* Release */,
			);
			defaultConfigurationIsVisible = 0;
			defaultConfigurationName = Release;
		};
/* End XCConfigurationList section */
	};
	rootObject = AAH00001 /* Project object */;
}
